
Microsoft Visual Studio Solution File, Format Version 12.00
Project("{FAE04EC0-301F-11D3-BF4B-00C04F79EFBC}") = "Lesson1.Library", "Lesson1.Library\Lesson1.Library.csproj", "{C4B3DC0C-3500-46E6-A1DE-745ABD94B7A4}"
EndProject
Project("{FAE04EC0-301F-11D3-BF4B-00C04F79EFBC}") = "Lesson1.Rectangle", "Lesson1.Rectangle\Lesson1.Rectangle.csproj", "{7D1801EF-6FE8-432F-A5A3-366D917B3A73}"
EndProject
Project("{FAE04EC0-301F-11D3-BF4B-00C04F79EFBC}") = "Lesson1.Polygon", "Lesson1.Polygon\Lesson1.Polygon.csproj", "{811268EE-A7C8-401A-9237-A23F558C6823}"
EndProject
Project("{FAE04EC0-301F-11D3-BF4B-00C04F79EFBC}") = "Lesson1.AdressBook", "Lesson1.AdressBook\Lesson1.AdressBook.csproj", "{989A602E-B0DE-4129-9E7A-8382935C45FA}"
EndProject
Project("{FAE04EC0-301F-11D3-BF4B-00C04F79EFBC}") = "Lesson2.Converter", "Lesson2.Converter\Lesson2.Converter.csproj", "{B9027EAA-41A2-4336-939D-C176B5A6AB12}"
EndProject
Project("{FAE04EC0-301F-11D3-BF4B-00C04F79EFBC}") = "Lesson2.Employee", "Lesson2.Employee\Lesson2.Employee.csproj", "{CBFE9399-A624-4F7A-B0A3-F17AAAE42CDE}"
EndProject
Project("{FAE04EC0-301F-11D3-BF4B-00C04F79EFBC}") = "Lesson2.Invoice", "Lesson2.Invoice\Lesson2.Invoice.csproj", "{C000CFB7-AD79-4F45-9722-9D8A7D7C016C}"
EndProject
Project("{FAE04EC0-301F-11D3-BF4B-00C04F79EFBC}") = "Lesson2.User", "Lesson2.User\Lesson2.User.csproj", "{2487719A-8C9D-460C-BD58-A526194644A4}"
EndProject
Project("{FAE04EC0-301F-11D3-BF4B-00C04F79EFBC}") = "Lesson3.ClassRoom", "Lesson3.ClassRoom\Lesson3.ClassRoom.csproj", "{29F9B88A-2150-4A7B-9163-2EB4B45DEE0F}"
EndProject
Project("{FAE04EC0-301F-11D3-BF4B-00C04F79EFBC}") = "Lesson3.Vehicle", "Lesson3.Vehicle\Lesson3.Vehicle.csproj", "{A6F1FBF2-B04D-4429-8728-5A291541D3B9}"
EndProject
Project("{FAE04EC0-301F-11D3-BF4B-00C04F79EFBC}") = "Lesson3.DocumentWorker", "Lesson3.DocumentWorker\Lesson3.DocumentWorker.csproj", "{1A8DB3AF-ECB2-4E08-90F1-62D92FADCF6B}"
EndProject
Project("{FAE04EC0-301F-11D3-BF4B-00C04F79EFBC}") = "Lesson3.Printer", "Lesson3.Printer\Lesson3.Printer.csproj", "{2C3A009B-9CE6-49B2-9D2D-9D55346F038B}"
EndProject
Project("{FAE04EC0-301F-11D3-BF4B-00C04F79EFBC}") = "Lesson4.AbstractHandler", "Lesson4.AbstractHandler\Lesson4.AbstractHandler.csproj", "{38BB0C0A-D4F3-46D5-8843-311E367628C1}"
EndProject
Project("{FAE04EC0-301F-11D3-BF4B-00C04F79EFBC}") = "Lesson4.IPlayable", "Lesson4.IPlayable\Lesson4.IPlayable.csproj", "{8877702D-7FB5-4011-A934-331ED3F8E86E}"
EndProject
Project("{FAE04EC0-301F-11D3-BF4B-00C04F79EFBC}") = "Lesson4.Document", "Lesson4.Document\Lesson4.Document.csproj", "{A1068B61-A523-47BF-AD43-3C0239294ACC}"
EndProject
Project("{FAE04EC0-301F-11D3-BF4B-00C04F79EFBC}") = "Lesson5.Array", "Lesson5.Array\Lesson5.Array.csproj", "{D3442D6C-1B7B-40C8-8679-32373A1E0537}"
EndProject
Project("{FAE04EC0-301F-11D3-BF4B-00C04F79EFBC}") = "Lesson5.MyMatrix", "Lesson5.MyMatrix\Lesson5.MyMatrix.csproj", "{F4566341-5797-4971-8A11-BF1AF8A3E342}"
EndProject
Project("{FAE04EC0-301F-11D3-BF4B-00C04F79EFBC}") = "Lesson5.Article", "Lesson5.Article\Lesson5.Article.csproj", "{5B83372E-625D-4F79-8925-6287A35B118D}"
EndProject
Project("{FAE04EC0-301F-11D3-BF4B-00C04F79EFBC}") = "Lesson5.Dictionary", "Lesson5.Dictionary\Lesson5.Dictionary.csproj", "{742EFC1B-1E54-4867-B5CB-3DDCC1B2C935}"
EndProject
Project("{FAE04EC0-301F-11D3-BF4B-00C04F79EFBC}") = "Lesson6.FindAndReplaceManager", "Lesson6.FindAndReplaceManager\Lesson6.FindAndReplaceManager.csproj", "{A698191D-4B5A-4C32-A4AC-D92BA269E247}"
EndProject
Project("{FAE04EC0-301F-11D3-BF4B-00C04F79EFBC}") = "Lesson6.ArrayExtensions", "Lesson6.ArrayExtensions\Lesson6.ArrayExtensions.csproj", "{ED508B24-A218-45DA-9E69-32CA0F56237F}"
EndProject
Project("{FAE04EC0-301F-11D3-BF4B-00C04F79EFBC}") = "Lesson6.Calculator", "Lesson6.Calculator\Lesson6.Calculator.csproj", "{F04EDE6E-3FC7-4A13-AFEC-9315A5E66519}"
EndProject
Project("{FAE04EC0-301F-11D3-BF4B-00C04F79EFBC}") = "Lesson7.Train", "Lesson7.Train\Lesson7.Train.csproj", "{607F4C53-27BA-428F-9758-E184049FAEFC}"
EndProject
Project("{FAE04EC0-301F-11D3-BF4B-00C04F79EFBC}") = "Lesson7.ClassTaker", "Lesson7.ClassTaker\Lesson7.ClassTaker.csproj", "{E51653D6-CB6F-4A36-9BEA-5D8392DD64B1}"
EndProject
Project("{FAE04EC0-301F-11D3-BF4B-00C04F79EFBC}") = "Lesson7.Notebook", "Lesson7.Notebook\Lesson7.Notebook.csproj", "{FFB3650D-8F1C-453B-B5BB-ED2C81697722}"
EndProject
Project("{FAE04EC0-301F-11D3-BF4B-00C04F79EFBC}") = "Lesson8.Print", "Lesson8.Print\Lesson8.Print.csproj", "{96BB8CB6-B3E0-4899-B4F4-D2C01B6CA83B}"
EndProject
Project("{FAE04EC0-301F-11D3-BF4B-00C04F79EFBC}") = "Lesson8.Accountant", "Lesson8.Accountant\Lesson8.Accountant.csproj", "{CF67AE21-B594-4206-85E6-706D7FD71E94}"
EndProject
Project("{FAE04EC0-301F-11D3-BF4B-00C04F79EFBC}") = "Lesson8.BirthdayCountdown", "Lesson8.BirthdayCountdown\Lesson8.BirthdayCountdown.csproj", "{DB26BC41-C15A-41A7-867C-72A0D6E82706}"
EndProject
Project("{FAE04EC0-301F-11D3-BF4B-00C04F79EFBC}") = "Lesson9.ArithmeticOperations", "Lesson9.ArithmeticOperations\Lesson9.ArithmeticOperations.csproj", "{F9FCE786-E6F0-4F52-AA57-5104CE64413A}"
EndProject
Project("{FAE04EC0-301F-11D3-BF4B-00C04F79EFBC}") = "Lesson9.DelegateAverage", "Lesson9.DelegateAverage\Lesson9.DelegateAverage.csproj", "{CD106BEF-0250-4017-953F-53DD2BA85B55}"
EndProject
Project("{FAE04EC0-301F-11D3-BF4B-00C04F79EFBC}") = "Lesson9.ArithmeticMean", "Lesson9.ArithmeticMean\Lesson9.ArithmeticMean.csproj", "{F0B9413D-5D7E-4C16-A3AA-C0A685362292}"
EndProject
Project("{FAE04EC0-301F-11D3-BF4B-00C04F79EFBC}") = "Lesson10.CustomListProject", "Lesson10.CustomListProject\Lesson10.CustomListProject.csproj", "{6514D666-1307-4997-B710-C1CE2A2265E4}"
EndProject
Project("{FAE04EC0-301F-11D3-BF4B-00C04F79EFBC}") = "Lesson10.MagicBag", "Lesson10.MagicBag\Lesson10.MagicBag.csproj", "{A33E3292-8AEC-47FF-A8EF-1E0B30E3029A}"
EndProject
Project("{FAE04EC0-301F-11D3-BF4B-00C04F79EFBC}") = "Lesson10.MyListExtensions", "Lesson10.MyListExtensions\Lesson10.MyListExtensions.csproj", "{98833C3F-4022-4F15-BDEC-28190E4AC567}"
EndProject
Global
	GlobalSection(SolutionConfigurationPlatforms) = preSolution
		Debug|Any CPU = Debug|Any CPU
		Release|Any CPU = Release|Any CPU
	EndGlobalSection
	GlobalSection(ProjectConfigurationPlatforms) = postSolution
		{C4B3DC0C-3500-46E6-A1DE-745ABD94B7A4}.Debug|Any CPU.ActiveCfg = Debug|Any CPU
		{C4B3DC0C-3500-46E6-A1DE-745ABD94B7A4}.Debug|Any CPU.Build.0 = Debug|Any CPU
		{C4B3DC0C-3500-46E6-A1DE-745ABD94B7A4}.Release|Any CPU.ActiveCfg = Release|Any CPU
		{C4B3DC0C-3500-46E6-A1DE-745ABD94B7A4}.Release|Any CPU.Build.0 = Release|Any CPU
		{7D1801EF-6FE8-432F-A5A3-366D917B3A73}.Debug|Any CPU.ActiveCfg = Debug|Any CPU
		{7D1801EF-6FE8-432F-A5A3-366D917B3A73}.Debug|Any CPU.Build.0 = Debug|Any CPU
		{7D1801EF-6FE8-432F-A5A3-366D917B3A73}.Release|Any CPU.ActiveCfg = Release|Any CPU
		{7D1801EF-6FE8-432F-A5A3-366D917B3A73}.Release|Any CPU.Build.0 = Release|Any CPU
		{811268EE-A7C8-401A-9237-A23F558C6823}.Debug|Any CPU.ActiveCfg = Debug|Any CPU
		{811268EE-A7C8-401A-9237-A23F558C6823}.Debug|Any CPU.Build.0 = Debug|Any CPU
		{811268EE-A7C8-401A-9237-A23F558C6823}.Release|Any CPU.ActiveCfg = Release|Any CPU
		{811268EE-A7C8-401A-9237-A23F558C6823}.Release|Any CPU.Build.0 = Release|Any CPU
		{989A602E-B0DE-4129-9E7A-8382935C45FA}.Debug|Any CPU.ActiveCfg = Debug|Any CPU
		{989A602E-B0DE-4129-9E7A-8382935C45FA}.Debug|Any CPU.Build.0 = Debug|Any CPU
		{989A602E-B0DE-4129-9E7A-8382935C45FA}.Release|Any CPU.ActiveCfg = Release|Any CPU
		{989A602E-B0DE-4129-9E7A-8382935C45FA}.Release|Any CPU.Build.0 = Release|Any CPU
		{B9027EAA-41A2-4336-939D-C176B5A6AB12}.Debug|Any CPU.ActiveCfg = Debug|Any CPU
		{B9027EAA-41A2-4336-939D-C176B5A6AB12}.Debug|Any CPU.Build.0 = Debug|Any CPU
		{B9027EAA-41A2-4336-939D-C176B5A6AB12}.Release|Any CPU.ActiveCfg = Release|Any CPU
		{B9027EAA-41A2-4336-939D-C176B5A6AB12}.Release|Any CPU.Build.0 = Release|Any CPU
		{CBFE9399-A624-4F7A-B0A3-F17AAAE42CDE}.Debug|Any CPU.ActiveCfg = Debug|Any CPU
		{CBFE9399-A624-4F7A-B0A3-F17AAAE42CDE}.Debug|Any CPU.Build.0 = Debug|Any CPU
		{CBFE9399-A624-4F7A-B0A3-F17AAAE42CDE}.Release|Any CPU.ActiveCfg = Release|Any CPU
		{CBFE9399-A624-4F7A-B0A3-F17AAAE42CDE}.Release|Any CPU.Build.0 = Release|Any CPU
		{C000CFB7-AD79-4F45-9722-9D8A7D7C016C}.Debug|Any CPU.ActiveCfg = Debug|Any CPU
		{C000CFB7-AD79-4F45-9722-9D8A7D7C016C}.Debug|Any CPU.Build.0 = Debug|Any CPU
		{C000CFB7-AD79-4F45-9722-9D8A7D7C016C}.Release|Any CPU.ActiveCfg = Release|Any CPU
		{C000CFB7-AD79-4F45-9722-9D8A7D7C016C}.Release|Any CPU.Build.0 = Release|Any CPU
		{2487719A-8C9D-460C-BD58-A526194644A4}.Debug|Any CPU.ActiveCfg = Debug|Any CPU
		{2487719A-8C9D-460C-BD58-A526194644A4}.Debug|Any CPU.Build.0 = Debug|Any CPU
		{2487719A-8C9D-460C-BD58-A526194644A4}.Release|Any CPU.ActiveCfg = Release|Any CPU
		{2487719A-8C9D-460C-BD58-A526194644A4}.Release|Any CPU.Build.0 = Release|Any CPU
		{29F9B88A-2150-4A7B-9163-2EB4B45DEE0F}.Debug|Any CPU.ActiveCfg = Debug|Any CPU
		{29F9B88A-2150-4A7B-9163-2EB4B45DEE0F}.Debug|Any CPU.Build.0 = Debug|Any CPU
		{29F9B88A-2150-4A7B-9163-2EB4B45DEE0F}.Release|Any CPU.ActiveCfg = Release|Any CPU
		{29F9B88A-2150-4A7B-9163-2EB4B45DEE0F}.Release|Any CPU.Build.0 = Release|Any CPU
		{A6F1FBF2-B04D-4429-8728-5A291541D3B9}.Debug|Any CPU.ActiveCfg = Debug|Any CPU
		{A6F1FBF2-B04D-4429-8728-5A291541D3B9}.Debug|Any CPU.Build.0 = Debug|Any CPU
		{A6F1FBF2-B04D-4429-8728-5A291541D3B9}.Release|Any CPU.ActiveCfg = Release|Any CPU
		{A6F1FBF2-B04D-4429-8728-5A291541D3B9}.Release|Any CPU.Build.0 = Release|Any CPU
		{1A8DB3AF-ECB2-4E08-90F1-62D92FADCF6B}.Debug|Any CPU.ActiveCfg = Debug|Any CPU
		{1A8DB3AF-ECB2-4E08-90F1-62D92FADCF6B}.Debug|Any CPU.Build.0 = Debug|Any CPU
		{1A8DB3AF-ECB2-4E08-90F1-62D92FADCF6B}.Release|Any CPU.ActiveCfg = Release|Any CPU
		{1A8DB3AF-ECB2-4E08-90F1-62D92FADCF6B}.Release|Any CPU.Build.0 = Release|Any CPU
		{2C3A009B-9CE6-49B2-9D2D-9D55346F038B}.Debug|Any CPU.ActiveCfg = Debug|Any CPU
		{2C3A009B-9CE6-49B2-9D2D-9D55346F038B}.Debug|Any CPU.Build.0 = Debug|Any CPU
		{2C3A009B-9CE6-49B2-9D2D-9D55346F038B}.Release|Any CPU.ActiveCfg = Release|Any CPU
		{2C3A009B-9CE6-49B2-9D2D-9D55346F038B}.Release|Any CPU.Build.0 = Release|Any CPU
		{38BB0C0A-D4F3-46D5-8843-311E367628C1}.Debug|Any CPU.ActiveCfg = Debug|Any CPU
		{38BB0C0A-D4F3-46D5-8843-311E367628C1}.Debug|Any CPU.Build.0 = Debug|Any CPU
		{38BB0C0A-D4F3-46D5-8843-311E367628C1}.Release|Any CPU.ActiveCfg = Release|Any CPU
		{38BB0C0A-D4F3-46D5-8843-311E367628C1}.Release|Any CPU.Build.0 = Release|Any CPU
		{8877702D-7FB5-4011-A934-331ED3F8E86E}.Debug|Any CPU.ActiveCfg = Debug|Any CPU
		{8877702D-7FB5-4011-A934-331ED3F8E86E}.Debug|Any CPU.Build.0 = Debug|Any CPU
		{8877702D-7FB5-4011-A934-331ED3F8E86E}.Release|Any CPU.ActiveCfg = Release|Any CPU
		{8877702D-7FB5-4011-A934-331ED3F8E86E}.Release|Any CPU.Build.0 = Release|Any CPU
		{A1068B61-A523-47BF-AD43-3C0239294ACC}.Debug|Any CPU.ActiveCfg = Debug|Any CPU
		{A1068B61-A523-47BF-AD43-3C0239294ACC}.Debug|Any CPU.Build.0 = Debug|Any CPU
		{A1068B61-A523-47BF-AD43-3C0239294ACC}.Release|Any CPU.ActiveCfg = Release|Any CPU
		{A1068B61-A523-47BF-AD43-3C0239294ACC}.Release|Any CPU.Build.0 = Release|Any CPU
		{D3442D6C-1B7B-40C8-8679-32373A1E0537}.Debug|Any CPU.ActiveCfg = Debug|Any CPU
		{D3442D6C-1B7B-40C8-8679-32373A1E0537}.Debug|Any CPU.Build.0 = Debug|Any CPU
		{D3442D6C-1B7B-40C8-8679-32373A1E0537}.Release|Any CPU.ActiveCfg = Release|Any CPU
		{D3442D6C-1B7B-40C8-8679-32373A1E0537}.Release|Any CPU.Build.0 = Release|Any CPU
		{F4566341-5797-4971-8A11-BF1AF8A3E342}.Debug|Any CPU.ActiveCfg = Debug|Any CPU
		{F4566341-5797-4971-8A11-BF1AF8A3E342}.Debug|Any CPU.Build.0 = Debug|Any CPU
		{F4566341-5797-4971-8A11-BF1AF8A3E342}.Release|Any CPU.ActiveCfg = Release|Any CPU
		{F4566341-5797-4971-8A11-BF1AF8A3E342}.Release|Any CPU.Build.0 = Release|Any CPU
		{5B83372E-625D-4F79-8925-6287A35B118D}.Debug|Any CPU.ActiveCfg = Debug|Any CPU
		{5B83372E-625D-4F79-8925-6287A35B118D}.Debug|Any CPU.Build.0 = Debug|Any CPU
		{5B83372E-625D-4F79-8925-6287A35B118D}.Release|Any CPU.ActiveCfg = Release|Any CPU
		{5B83372E-625D-4F79-8925-6287A35B118D}.Release|Any CPU.Build.0 = Release|Any CPU
		{742EFC1B-1E54-4867-B5CB-3DDCC1B2C935}.Debug|Any CPU.ActiveCfg = Debug|Any CPU
		{742EFC1B-1E54-4867-B5CB-3DDCC1B2C935}.Debug|Any CPU.Build.0 = Debug|Any CPU
		{742EFC1B-1E54-4867-B5CB-3DDCC1B2C935}.Release|Any CPU.ActiveCfg = Release|Any CPU
		{742EFC1B-1E54-4867-B5CB-3DDCC1B2C935}.Release|Any CPU.Build.0 = Release|Any CPU
		{A698191D-4B5A-4C32-A4AC-D92BA269E247}.Debug|Any CPU.ActiveCfg = Debug|Any CPU
		{A698191D-4B5A-4C32-A4AC-D92BA269E247}.Debug|Any CPU.Build.0 = Debug|Any CPU
		{A698191D-4B5A-4C32-A4AC-D92BA269E247}.Release|Any CPU.ActiveCfg = Release|Any CPU
		{A698191D-4B5A-4C32-A4AC-D92BA269E247}.Release|Any CPU.Build.0 = Release|Any CPU
		{ED508B24-A218-45DA-9E69-32CA0F56237F}.Debug|Any CPU.ActiveCfg = Debug|Any CPU
		{ED508B24-A218-45DA-9E69-32CA0F56237F}.Debug|Any CPU.Build.0 = Debug|Any CPU
		{ED508B24-A218-45DA-9E69-32CA0F56237F}.Release|Any CPU.ActiveCfg = Release|Any CPU
		{ED508B24-A218-45DA-9E69-32CA0F56237F}.Release|Any CPU.Build.0 = Release|Any CPU
		{F04EDE6E-3FC7-4A13-AFEC-9315A5E66519}.Debug|Any CPU.ActiveCfg = Debug|Any CPU
		{F04EDE6E-3FC7-4A13-AFEC-9315A5E66519}.Debug|Any CPU.Build.0 = Debug|Any CPU
		{F04EDE6E-3FC7-4A13-AFEC-9315A5E66519}.Release|Any CPU.ActiveCfg = Release|Any CPU
		{F04EDE6E-3FC7-4A13-AFEC-9315A5E66519}.Release|Any CPU.Build.0 = Release|Any CPU
		{607F4C53-27BA-428F-9758-E184049FAEFC}.Debug|Any CPU.ActiveCfg = Debug|Any CPU
		{607F4C53-27BA-428F-9758-E184049FAEFC}.Debug|Any CPU.Build.0 = Debug|Any CPU
		{607F4C53-27BA-428F-9758-E184049FAEFC}.Release|Any CPU.ActiveCfg = Release|Any CPU
		{607F4C53-27BA-428F-9758-E184049FAEFC}.Release|Any CPU.Build.0 = Release|Any CPU
		{E51653D6-CB6F-4A36-9BEA-5D8392DD64B1}.Debug|Any CPU.ActiveCfg = Debug|Any CPU
		{E51653D6-CB6F-4A36-9BEA-5D8392DD64B1}.Debug|Any CPU.Build.0 = Debug|Any CPU
		{E51653D6-CB6F-4A36-9BEA-5D8392DD64B1}.Release|Any CPU.ActiveCfg = Release|Any CPU
		{E51653D6-CB6F-4A36-9BEA-5D8392DD64B1}.Release|Any CPU.Build.0 = Release|Any CPU
		{FFB3650D-8F1C-453B-B5BB-ED2C81697722}.Debug|Any CPU.ActiveCfg = Debug|Any CPU
		{FFB3650D-8F1C-453B-B5BB-ED2C81697722}.Debug|Any CPU.Build.0 = Debug|Any CPU
		{FFB3650D-8F1C-453B-B5BB-ED2C81697722}.Release|Any CPU.ActiveCfg = Release|Any CPU
		{FFB3650D-8F1C-453B-B5BB-ED2C81697722}.Release|Any CPU.Build.0 = Release|Any CPU
		{96BB8CB6-B3E0-4899-B4F4-D2C01B6CA83B}.Debug|Any CPU.ActiveCfg = Debug|Any CPU
		{96BB8CB6-B3E0-4899-B4F4-D2C01B6CA83B}.Debug|Any CPU.Build.0 = Debug|Any CPU
		{96BB8CB6-B3E0-4899-B4F4-D2C01B6CA83B}.Release|Any CPU.ActiveCfg = Release|Any CPU
		{96BB8CB6-B3E0-4899-B4F4-D2C01B6CA83B}.Release|Any CPU.Build.0 = Release|Any CPU
		{CF67AE21-B594-4206-85E6-706D7FD71E94}.Debug|Any CPU.ActiveCfg = Debug|Any CPU
		{CF67AE21-B594-4206-85E6-706D7FD71E94}.Debug|Any CPU.Build.0 = Debug|Any CPU
		{CF67AE21-B594-4206-85E6-706D7FD71E94}.Release|Any CPU.ActiveCfg = Release|Any CPU
		{CF67AE21-B594-4206-85E6-706D7FD71E94}.Release|Any CPU.Build.0 = Release|Any CPU
		{DB26BC41-C15A-41A7-867C-72A0D6E82706}.Debug|Any CPU.ActiveCfg = Debug|Any CPU
		{DB26BC41-C15A-41A7-867C-72A0D6E82706}.Debug|Any CPU.Build.0 = Debug|Any CPU
		{DB26BC41-C15A-41A7-867C-72A0D6E82706}.Release|Any CPU.ActiveCfg = Release|Any CPU
		{DB26BC41-C15A-41A7-867C-72A0D6E82706}.Release|Any CPU.Build.0 = Release|Any CPU
		{F9FCE786-E6F0-4F52-AA57-5104CE64413A}.Debug|Any CPU.ActiveCfg = Debug|Any CPU
		{F9FCE786-E6F0-4F52-AA57-5104CE64413A}.Debug|Any CPU.Build.0 = Debug|Any CPU
		{F9FCE786-E6F0-4F52-AA57-5104CE64413A}.Release|Any CPU.ActiveCfg = Release|Any CPU
		{F9FCE786-E6F0-4F52-AA57-5104CE64413A}.Release|Any CPU.Build.0 = Release|Any CPU
		{CD106BEF-0250-4017-953F-53DD2BA85B55}.Debug|Any CPU.ActiveCfg = Debug|Any CPU
		{CD106BEF-0250-4017-953F-53DD2BA85B55}.Debug|Any CPU.Build.0 = Debug|Any CPU
		{CD106BEF-0250-4017-953F-53DD2BA85B55}.Release|Any CPU.ActiveCfg = Release|Any CPU
		{CD106BEF-0250-4017-953F-53DD2BA85B55}.Release|Any CPU.Build.0 = Release|Any CPU
		{F0B9413D-5D7E-4C16-A3AA-C0A685362292}.Debug|Any CPU.ActiveCfg = Debug|Any CPU
		{F0B9413D-5D7E-4C16-A3AA-C0A685362292}.Debug|Any CPU.Build.0 = Debug|Any CPU
		{F0B9413D-5D7E-4C16-A3AA-C0A685362292}.Release|Any CPU.ActiveCfg = Release|Any CPU
		{F0B9413D-5D7E-4C16-A3AA-C0A685362292}.Release|Any CPU.Build.0 = Release|Any CPU
		{6514D666-1307-4997-B710-C1CE2A2265E4}.Debug|Any CPU.ActiveCfg = Debug|Any CPU
		{6514D666-1307-4997-B710-C1CE2A2265E4}.Debug|Any CPU.Build.0 = Debug|Any CPU
		{6514D666-1307-4997-B710-C1CE2A2265E4}.Release|Any CPU.ActiveCfg = Release|Any CPU
		{6514D666-1307-4997-B710-C1CE2A2265E4}.Release|Any CPU.Build.0 = Release|Any CPU
		{A33E3292-8AEC-47FF-A8EF-1E0B30E3029A}.Debug|Any CPU.ActiveCfg = Debug|Any CPU
		{A33E3292-8AEC-47FF-A8EF-1E0B30E3029A}.Debug|Any CPU.Build.0 = Debug|Any CPU
		{A33E3292-8AEC-47FF-A8EF-1E0B30E3029A}.Release|Any CPU.ActiveCfg = Release|Any CPU
		{A33E3292-8AEC-47FF-A8EF-1E0B30E3029A}.Release|Any CPU.Build.0 = Release|Any CPU
		{98833C3F-4022-4F15-BDEC-28190E4AC567}.Debug|Any CPU.ActiveCfg = Debug|Any CPU
		{98833C3F-4022-4F15-BDEC-28190E4AC567}.Debug|Any CPU.Build.0 = Debug|Any CPU
		{98833C3F-4022-4F15-BDEC-28190E4AC567}.Release|Any CPU.ActiveCfg = Release|Any CPU
		{98833C3F-4022-4F15-BDEC-28190E4AC567}.Release|Any CPU.Build.0 = Release|Any CPU
	EndGlobalSection
EndGlobal
