
Microsoft Visual Studio Solution File, Format Version 12.00
Project("{FAE04EC0-301F-11D3-BF4B-00C04F79EFBC}") = "Lesson1.Library", "Lesson1.Library\Lesson1.Library.csproj", "{C4B3DC0C-3500-46E6-A1DE-745ABD94B7A4}"
EndProject
Project("{FAE04EC0-301F-11D3-BF4B-00C04F79EFBC}") = "Lesson1.Rectangle", "Lesson1.Rectangle\Lesson1.Rectangle.csproj", "{7D1801EF-6FE8-432F-A5A3-366D917B3A73}"
EndProject
Project("{FAE04EC0-301F-11D3-BF4B-00C04F79EFBC}") = "Lesson1.Polygon", "Lesson1.Polygon\Lesson1.Polygon.csproj", "{811268EE-A7C8-401A-9237-A23F558C6823}"
EndProject
Project("{FAE04EC0-301F-11D3-BF4B-00C04F79EFBC}") = "Lesson1.AdressBook", "Lesson1.AdressBook\Lesson1.AdressBook.csproj", "{989A602E-B0DE-4129-9E7A-8382935C45FA}"
EndProject
Project("{FAE04EC0-301F-11D3-BF4B-00C04F79EFBC}") = "Lesson2.Converter", "Lesson2.Converter\Lesson2.Converter.csproj", "{B9027EAA-41A2-4336-939D-C176B5A6AB12}"
EndProject
Project("{FAE04EC0-301F-11D3-BF4B-00C04F79EFBC}") = "Lesson2.Employee", "Lesson2.Employee\Lesson2.Employee.csproj", "{CBFE9399-A624-4F7A-B0A3-F17AAAE42CDE}"
EndProject
Project("{FAE04EC0-301F-11D3-BF4B-00C04F79EFBC}") = "Lesson2.Invoice", "Lesson2.Invoice\Lesson2.Invoice.csproj", "{C000CFB7-AD79-4F45-9722-9D8A7D7C016C}"
EndProject
Project("{FAE04EC0-301F-11D3-BF4B-00C04F79EFBC}") = "Lesson2.User", "Lesson2.User\Lesson2.User.csproj", "{2487719A-8C9D-460C-BD58-A526194644A4}"
EndProject
Project("{FAE04EC0-301F-11D3-BF4B-00C04F79EFBC}") = "Lesson3.ClassRoom", "Lesson3.ClassRoom\Lesson3.ClassRoom.csproj", "{29F9B88A-2150-4A7B-9163-2EB4B45DEE0F}"
EndProject
Project("{FAE04EC0-301F-11D3-BF4B-00C04F79EFBC}") = "Lesson3.Vehicle", "Lesson3.Vehicle\Lesson3.Vehicle.csproj", "{A6F1FBF2-B04D-4429-8728-5A291541D3B9}"
EndProject
Project("{FAE04EC0-301F-11D3-BF4B-00C04F79EFBC}") = "Lesson3.DocumentWorker", "Lesson3.DocumentWorker\Lesson3.DocumentWorker.csproj", "{1A8DB3AF-ECB2-4E08-90F1-62D92FADCF6B}"
EndProject
Project("{FAE04EC0-301F-11D3-BF4B-00C04F79EFBC}") = "Lesson3.Printer", "Lesson3.Printer\Lesson3.Printer.csproj", "{2C3A009B-9CE6-49B2-9D2D-9D55346F038B}"
EndProject
Project("{FAE04EC0-301F-11D3-BF4B-00C04F79EFBC}") = "Lesson4.AbstractHandler", "Lesson4.AbstractHandler\Lesson4.AbstractHandler.csproj", "{38BB0C0A-D4F3-46D5-8843-311E367628C1}"
EndProject
Project("{FAE04EC0-301F-11D3-BF4B-00C04F79EFBC}") = "Lesson4.IPlayable", "Lesson4.IPlayable\Lesson4.IPlayable.csproj", "{8877702D-7FB5-4011-A934-331ED3F8E86E}"
EndProject
Project("{FAE04EC0-301F-11D3-BF4B-00C04F79EFBC}") = "Lesson4.Document", "Lesson4.Document\Lesson4.Document.csproj", "{A1068B61-A523-47BF-AD43-3C0239294ACC}"
EndProject
Global
	GlobalSection(SolutionConfigurationPlatforms) = preSolution
		Debug|Any CPU = Debug|Any CPU
		Release|Any CPU = Release|Any CPU
	EndGlobalSection
	GlobalSection(ProjectConfigurationPlatforms) = postSolution
		{C4B3DC0C-3500-46E6-A1DE-745ABD94B7A4}.Debug|Any CPU.ActiveCfg = Debug|Any CPU
		{C4B3DC0C-3500-46E6-A1DE-745ABD94B7A4}.Debug|Any CPU.Build.0 = Debug|Any CPU
		{C4B3DC0C-3500-46E6-A1DE-745ABD94B7A4}.Release|Any CPU.ActiveCfg = Release|Any CPU
		{C4B3DC0C-3500-46E6-A1DE-745ABD94B7A4}.Release|Any CPU.Build.0 = Release|Any CPU
		{7D1801EF-6FE8-432F-A5A3-366D917B3A73}.Debug|Any CPU.ActiveCfg = Debug|Any CPU
		{7D1801EF-6FE8-432F-A5A3-366D917B3A73}.Debug|Any CPU.Build.0 = Debug|Any CPU
		{7D1801EF-6FE8-432F-A5A3-366D917B3A73}.Release|Any CPU.ActiveCfg = Release|Any CPU
		{7D1801EF-6FE8-432F-A5A3-366D917B3A73}.Release|Any CPU.Build.0 = Release|Any CPU
		{811268EE-A7C8-401A-9237-A23F558C6823}.Debug|Any CPU.ActiveCfg = Debug|Any CPU
		{811268EE-A7C8-401A-9237-A23F558C6823}.Debug|Any CPU.Build.0 = Debug|Any CPU
		{811268EE-A7C8-401A-9237-A23F558C6823}.Release|Any CPU.ActiveCfg = Release|Any CPU
		{811268EE-A7C8-401A-9237-A23F558C6823}.Release|Any CPU.Build.0 = Release|Any CPU
		{989A602E-B0DE-4129-9E7A-8382935C45FA}.Debug|Any CPU.ActiveCfg = Debug|Any CPU
		{989A602E-B0DE-4129-9E7A-8382935C45FA}.Debug|Any CPU.Build.0 = Debug|Any CPU
		{989A602E-B0DE-4129-9E7A-8382935C45FA}.Release|Any CPU.ActiveCfg = Release|Any CPU
		{989A602E-B0DE-4129-9E7A-8382935C45FA}.Release|Any CPU.Build.0 = Release|Any CPU
		{B9027EAA-41A2-4336-939D-C176B5A6AB12}.Debug|Any CPU.ActiveCfg = Debug|Any CPU
		{B9027EAA-41A2-4336-939D-C176B5A6AB12}.Debug|Any CPU.Build.0 = Debug|Any CPU
		{B9027EAA-41A2-4336-939D-C176B5A6AB12}.Release|Any CPU.ActiveCfg = Release|Any CPU
		{B9027EAA-41A2-4336-939D-C176B5A6AB12}.Release|Any CPU.Build.0 = Release|Any CPU
		{CBFE9399-A624-4F7A-B0A3-F17AAAE42CDE}.Debug|Any CPU.ActiveCfg = Debug|Any CPU
		{CBFE9399-A624-4F7A-B0A3-F17AAAE42CDE}.Debug|Any CPU.Build.0 = Debug|Any CPU
		{CBFE9399-A624-4F7A-B0A3-F17AAAE42CDE}.Release|Any CPU.ActiveCfg = Release|Any CPU
		{CBFE9399-A624-4F7A-B0A3-F17AAAE42CDE}.Release|Any CPU.Build.0 = Release|Any CPU
		{C000CFB7-AD79-4F45-9722-9D8A7D7C016C}.Debug|Any CPU.ActiveCfg = Debug|Any CPU
		{C000CFB7-AD79-4F45-9722-9D8A7D7C016C}.Debug|Any CPU.Build.0 = Debug|Any CPU
		{C000CFB7-AD79-4F45-9722-9D8A7D7C016C}.Release|Any CPU.ActiveCfg = Release|Any CPU
		{C000CFB7-AD79-4F45-9722-9D8A7D7C016C}.Release|Any CPU.Build.0 = Release|Any CPU
		{2487719A-8C9D-460C-BD58-A526194644A4}.Debug|Any CPU.ActiveCfg = Debug|Any CPU
		{2487719A-8C9D-460C-BD58-A526194644A4}.Debug|Any CPU.Build.0 = Debug|Any CPU
		{2487719A-8C9D-460C-BD58-A526194644A4}.Release|Any CPU.ActiveCfg = Release|Any CPU
		{2487719A-8C9D-460C-BD58-A526194644A4}.Release|Any CPU.Build.0 = Release|Any CPU
		{29F9B88A-2150-4A7B-9163-2EB4B45DEE0F}.Debug|Any CPU.ActiveCfg = Debug|Any CPU
		{29F9B88A-2150-4A7B-9163-2EB4B45DEE0F}.Debug|Any CPU.Build.0 = Debug|Any CPU
		{29F9B88A-2150-4A7B-9163-2EB4B45DEE0F}.Release|Any CPU.ActiveCfg = Release|Any CPU
		{29F9B88A-2150-4A7B-9163-2EB4B45DEE0F}.Release|Any CPU.Build.0 = Release|Any CPU
		{A6F1FBF2-B04D-4429-8728-5A291541D3B9}.Debug|Any CPU.ActiveCfg = Debug|Any CPU
		{A6F1FBF2-B04D-4429-8728-5A291541D3B9}.Debug|Any CPU.Build.0 = Debug|Any CPU
		{A6F1FBF2-B04D-4429-8728-5A291541D3B9}.Release|Any CPU.ActiveCfg = Release|Any CPU
		{A6F1FBF2-B04D-4429-8728-5A291541D3B9}.Release|Any CPU.Build.0 = Release|Any CPU
		{1A8DB3AF-ECB2-4E08-90F1-62D92FADCF6B}.Debug|Any CPU.ActiveCfg = Debug|Any CPU
		{1A8DB3AF-ECB2-4E08-90F1-62D92FADCF6B}.Debug|Any CPU.Build.0 = Debug|Any CPU
		{1A8DB3AF-ECB2-4E08-90F1-62D92FADCF6B}.Release|Any CPU.ActiveCfg = Release|Any CPU
		{1A8DB3AF-ECB2-4E08-90F1-62D92FADCF6B}.Release|Any CPU.Build.0 = Release|Any CPU
		{2C3A009B-9CE6-49B2-9D2D-9D55346F038B}.Debug|Any CPU.ActiveCfg = Debug|Any CPU
		{2C3A009B-9CE6-49B2-9D2D-9D55346F038B}.Debug|Any CPU.Build.0 = Debug|Any CPU
		{2C3A009B-9CE6-49B2-9D2D-9D55346F038B}.Release|Any CPU.ActiveCfg = Release|Any CPU
		{2C3A009B-9CE6-49B2-9D2D-9D55346F038B}.Release|Any CPU.Build.0 = Release|Any CPU
		{38BB0C0A-D4F3-46D5-8843-311E367628C1}.Debug|Any CPU.ActiveCfg = Debug|Any CPU
		{38BB0C0A-D4F3-46D5-8843-311E367628C1}.Debug|Any CPU.Build.0 = Debug|Any CPU
		{38BB0C0A-D4F3-46D5-8843-311E367628C1}.Release|Any CPU.ActiveCfg = Release|Any CPU
		{38BB0C0A-D4F3-46D5-8843-311E367628C1}.Release|Any CPU.Build.0 = Release|Any CPU
		{8877702D-7FB5-4011-A934-331ED3F8E86E}.Debug|Any CPU.ActiveCfg = Debug|Any CPU
		{8877702D-7FB5-4011-A934-331ED3F8E86E}.Debug|Any CPU.Build.0 = Debug|Any CPU
		{8877702D-7FB5-4011-A934-331ED3F8E86E}.Release|Any CPU.ActiveCfg = Release|Any CPU
		{8877702D-7FB5-4011-A934-331ED3F8E86E}.Release|Any CPU.Build.0 = Release|Any CPU
		{A1068B61-A523-47BF-AD43-3C0239294ACC}.Debug|Any CPU.ActiveCfg = Debug|Any CPU
		{A1068B61-A523-47BF-AD43-3C0239294ACC}.Debug|Any CPU.Build.0 = Debug|Any CPU
		{A1068B61-A523-47BF-AD43-3C0239294ACC}.Release|Any CPU.ActiveCfg = Release|Any CPU
		{A1068B61-A523-47BF-AD43-3C0239294ACC}.Release|Any CPU.Build.0 = Release|Any CPU
	EndGlobalSection
EndGlobal
